
Microsoft Visual Studio Solution File, Format Version 12.00
# Visual Studio 2015
Project("{FAE04EC0-301F-11D3-BF4B-00C04F79EFBC}") = "StupidKochka", "StupidKochka.csproj", "{C558E070-7200-7EFD-CBA3-4D5788C0C38B}"
EndProject
Global
	GlobalSection(SolutionConfigurationPlatforms) = preSolution
		Debug|Any CPU = Debug|Any CPU
		Release|Any CPU = Release|Any CPU
	EndGlobalSection
	GlobalSection(ProjectConfigurationPlatforms) = postSolution
		{C558E070-7200-7EFD-CBA3-4D5788C0C38B}.Debug|Any CPU.ActiveCfg = Debug|Any CPU
		{C558E070-7200-7EFD-CBA3-4D5788C0C38B}.Debug|Any CPU.Build.0 = Debug|Any CPU
		{C558E070-7200-7EFD-CBA3-4D5788C0C38B}.Release|Any CPU.ActiveCfg = Release|Any CPU
		{C558E070-7200-7EFD-CBA3-4D5788C0C38B}.Release|Any CPU.Build.0 = Release|Any CPU
	EndGlobalSection
	GlobalSection(SolutionProperties) = preSolution
		HideSolutionNode = FALSE
	EndGlobalSection
EndGlobal
